github.com/kelseyhightower/envconfig v1.4.0 h1:Im6hONhd3pLkfDFsbRgu68RDNkGF1r3dvMUtDTo2cv8=
github.com/kelseyhightower/envconfig v1.4.0/go.mod h1:cccZRl6mQpaq41TPp5QxidR+Sa3axMbJDNb//FQX6Gg=
schneider.vip/problem v1.9.1 h1:HYdGPzbTHnNziF7cC4ftbn/eTrjSIXhKfricAMaLIMk=
schneider.vip/problem v1.9.1/go.mod h1:6hLRfO1e1MQWdG23Kl5b3Yp5FSexE+YiGVqCkAp3HUQ=
